
Microsoft Visual Studio Solution File, Format Version 12.00
# Visual Studio Version 17
VisualStudioVersion = 17.9.34728.123
MinimumVisualStudioVersion = 10.0.40219.1
Project("{9A19103F-16F7-4668-BE54-9A1E7A4F7556}") = "FleetManager", "Zadanie2Moduł\FleetManager.csproj", "{76F2D05F-3EB4-43C3-9424-793A2D54B823}"
EndProject
Global
	GlobalSection(SolutionConfigurationPlatforms) = preSolution
		Debug|Any CPU = Debug|Any CPU
		Release|Any CPU = Release|Any CPU
	EndGlobalSection
	GlobalSection(ProjectConfigurationPlatforms) = postSolution
		{76F2D05F-3EB4-43C3-9424-793A2D54B823}.Debug|Any CPU.ActiveCfg = Debug|Any CPU
		{76F2D05F-3EB4-43C3-9424-793A2D54B823}.Debug|Any CPU.Build.0 = Debug|Any CPU
		{76F2D05F-3EB4-43C3-9424-793A2D54B823}.Release|Any CPU.ActiveCfg = Release|Any CPU
		{76F2D05F-3EB4-43C3-9424-793A2D54B823}.Release|Any CPU.Build.0 = Release|Any CPU
	EndGlobalSection
	GlobalSection(SolutionProperties) = preSolution
		HideSolutionNode = FALSE
	EndGlobalSection
	GlobalSection(ExtensibilityGlobals) = postSolution
		SolutionGuid = {1C6A4A89-DBB7-4A4D-8F4A-5BF1F7B1313A}
	EndGlobalSection
EndGlobal
